
Microsoft Visual Studio Solution File, Format Version 12.00
# Visual Studio Version 17
VisualStudioVersion = 17.1.32319.34
MinimumVisualStudioVersion = 10.0.40219.1
Project("{9A19103F-16F7-4668-BE54-9A1E7A4F7556}") = "FiguresLibrary", "FiguresLibrary\FiguresLibrary.csproj", "{0D119524-15C6-4999-9C3B-F93708581B5B}"
EndProject
Project("{9A19103F-16F7-4668-BE54-9A1E7A4F7556}") = "FiguresUnitTests", "Tests\FiguresUnitTests\FiguresUnitTests.csproj", "{BF9352DD-32AF-40A5-B2CF-36C917BFBED1}"
EndProject
Global
	GlobalSection(SolutionConfigurationPlatforms) = preSolution
		Debug|Any CPU = Debug|Any CPU
		Release|Any CPU = Release|Any CPU
	EndGlobalSection
	GlobalSection(ProjectConfigurationPlatforms) = postSolution
		{0D119524-15C6-4999-9C3B-F93708581B5B}.Debug|Any CPU.ActiveCfg = Debug|Any CPU
		{0D119524-15C6-4999-9C3B-F93708581B5B}.Debug|Any CPU.Build.0 = Debug|Any CPU
		{0D119524-15C6-4999-9C3B-F93708581B5B}.Release|Any CPU.ActiveCfg = Release|Any CPU
		{0D119524-15C6-4999-9C3B-F93708581B5B}.Release|Any CPU.Build.0 = Release|Any CPU
		{BF9352DD-32AF-40A5-B2CF-36C917BFBED1}.Debug|Any CPU.ActiveCfg = Debug|Any CPU
		{BF9352DD-32AF-40A5-B2CF-36C917BFBED1}.Debug|Any CPU.Build.0 = Debug|Any CPU
		{BF9352DD-32AF-40A5-B2CF-36C917BFBED1}.Release|Any CPU.ActiveCfg = Release|Any CPU
		{BF9352DD-32AF-40A5-B2CF-36C917BFBED1}.Release|Any CPU.Build.0 = Release|Any CPU
	EndGlobalSection
	GlobalSection(SolutionProperties) = preSolution
		HideSolutionNode = FALSE
	EndGlobalSection
	GlobalSection(ExtensibilityGlobals) = postSolution
		SolutionGuid = {94A0F4F8-EB15-4369-A84D-522EAF8FAF15}
	EndGlobalSection
EndGlobal
